
Microsoft Visual Studio Solution File, Format Version 12.00
# Visual Studio Version 16
VisualStudioVersion = 16.0.30611.23
MinimumVisualStudioVersion = 10.0.40219.1
Project("{FAE04EC0-301F-11D3-BF4B-00C04F79EFBC}") = "WebService", "WebService\WebService.csproj", "{DB8C8E6C-413E-4516-95A4-A7A194AB518D}"
EndProject
Project("{FAE04EC0-301F-11D3-BF4B-00C04F79EFBC}") = "DataServiceLib", "DataServiceLib\DataServiceLib.csproj", "{6B5525C3-E817-4CE9-86B7-295D278FCB7C}"
EndProject
Global
	GlobalSection(SolutionConfigurationPlatforms) = preSolution
		Debug|Any CPU = Debug|Any CPU
		Release|Any CPU = Release|Any CPU
	EndGlobalSection
	GlobalSection(ProjectConfigurationPlatforms) = postSolution
		{DB8C8E6C-413E-4516-95A4-A7A194AB518D}.Debug|Any CPU.ActiveCfg = Debug|Any CPU
		{DB8C8E6C-413E-4516-95A4-A7A194AB518D}.Debug|Any CPU.Build.0 = Debug|Any CPU
		{DB8C8E6C-413E-4516-95A4-A7A194AB518D}.Release|Any CPU.ActiveCfg = Release|Any CPU
		{DB8C8E6C-413E-4516-95A4-A7A194AB518D}.Release|Any CPU.Build.0 = Release|Any CPU
		{6B5525C3-E817-4CE9-86B7-295D278FCB7C}.Debug|Any CPU.ActiveCfg = Debug|Any CPU
		{6B5525C3-E817-4CE9-86B7-295D278FCB7C}.Debug|Any CPU.Build.0 = Debug|Any CPU
		{6B5525C3-E817-4CE9-86B7-295D278FCB7C}.Release|Any CPU.ActiveCfg = Release|Any CPU
		{6B5525C3-E817-4CE9-86B7-295D278FCB7C}.Release|Any CPU.Build.0 = Release|Any CPU
	EndGlobalSection
	GlobalSection(SolutionProperties) = preSolution
		HideSolutionNode = FALSE
	EndGlobalSection
	GlobalSection(ExtensibilityGlobals) = postSolution
		SolutionGuid = {627D4645-90F6-4CB0-A40D-F05FC02C3DA0}
	EndGlobalSection
EndGlobal
